// !$*UTF8*$!
{
	archiveVersion = 1;
	classes = {
	};
	objectVersion = 46;
	objects = {

/* Begin PBXBuildFile section */
		1B5511301C7E363B00F4A3D0 /* AppDelegate.swift in Sources */ = {isa = PBXBuildFile; fileRef = 1B55112F1C7E363B00F4A3D0 /* AppDelegate.swift */; };
		1B5511321C7E363B00F4A3D0 /* ViewController.swift in Sources */ = {isa = PBXBuildFile; fileRef = 1B5511311C7E363B00F4A3D0 /* ViewController.swift */; };
		1B5511351C7E363B00F4A3D0 /* Main.storyboard in Resources */ = {isa = PBXBuildFile; fileRef = 1B5511331C7E363B00F4A3D0 /* Main.storyboard */; };
		1B5511371C7E363B00F4A3D0 /* Assets.xcassets in Resources */ = {isa = PBXBuildFile; fileRef = 1B5511361C7E363B00F4A3D0 /* Assets.xcassets */; };
		1B55113A1C7E363B00F4A3D0 /* LaunchScreen.storyboard in Resources */ = {isa = PBXBuildFile; fileRef = 1B5511381C7E363B00F4A3D0 /* LaunchScreen.storyboard */; };
		1B5511421C7E447D00F4A3D0 /* Person.swift in Sources */ = {isa = PBXBuildFile; fileRef = 1B5511411C7E447D00F4A3D0 /* Person.swift */; };
/* End PBXBuildFile section */

/* Begin PBXFileReference section */
		1B55112C1C7E363B00F4A3D0 /* user-defaults.app */ = {isa = PBXFileReference; explicitFileType = wrapper.application; includeInIndex = 0; path = "user-defaults.app"; sourceTree = BUILT_PRODUCTS_DIR; };
		1B55112F1C7E363B00F4A3D0 /* AppDelegate.swift */ = {isa = PBXFileReference; lastKnownFileType = sourcecode.swift; path = AppDelegate.swift; sourceTree = "<group>"; };
		1B5511311C7E363B00F4A3D0 /* ViewController.swift */ = {isa = PBXFileReference; lastKnownFileType = sourcecode.swift; path = ViewController.swift; sourceTree = "<group>"; };
		1B5511341C7E363B00F4A3D0 /* Base */ = {isa = PBXFileReference; lastKnownFileType = file.storyboard; name = Base; path = Base.lproj/Main.storyboard; sourceTree = "<group>"; };
		1B5511361C7E363B00F4A3D0 /* Assets.xcassets */ = {isa = PBXFileReference; lastKnownFileType = folder.assetcatalog; path = Assets.xcassets; sourceTree = "<group>"; };
		1B5511391C7E363B00F4A3D0 /* Base */ = {isa = PBXFileReference; lastKnownFileType = file.storyboard; name = Base; path = Base.lproj/LaunchScreen.storyboard; sourceTree = "<group>"; };
		1B55113B1C7E363C00F4A3D0 /* Info.plist */ = {isa = PBXFileReference; lastKnownFileType = text.plist.xml; path = Info.plist; sourceTree = "<group>"; };
		1B5511411C7E447D00F4A3D0 /* Person.swift */ = {isa = PBXFileReference; fileEncoding = 4; lastKnownFileType = sourcecode.swift; path = Person.swift; sourceTree = "<group>"; };
/* End PBXFileReference section */

/* Begin PBXFrameworksBuildPhase section */
		1B5511291C7E363B00F4A3D0 /* Frameworks */ = {
			isa = PBXFrameworksBuildPhase;
			buildActionMask = 2147483647;
			files = (
			);
			runOnlyForDeploymentPostprocessing = 0;
		};
/* End PBXFrameworksBuildPhase section */

/* Begin PBXGroup section */
		1B5511231C7E363B00F4A3D0 = {
			isa = PBXGroup;
			children = (
				1B55112E1C7E363B00F4A3D0 /* user-defaults */,
				1B55112D1C7E363B00F4A3D0 /* Products */,
			);
			sourceTree = "<group>";
		};
		1B55112D1C7E363B00F4A3D0 /* Products */ = {
			isa = PBXGroup;
			children = (
				1B55112C1C7E363B00F4A3D0 /* user-defaults.app */,
			);
			name = Products;
			sourceTree = "<group>";
		};
		1B55112E1C7E363B00F4A3D0 /* user-defaults */ = {
			isa = PBXGroup;
			children = (
				1B55112F1C7E363B00F4A3D0 /* AppDelegate.swift */,
				1B5511311C7E363B00F4A3D0 /* ViewController.swift */,
				1B5511331C7E363B00F4A3D0 /* Main.storyboard */,
				1B5511361C7E363B00F4A3D0 /* Assets.xcassets */,
				1B5511381C7E363B00F4A3D0 /* LaunchScreen.storyboard */,
				1B55113B1C7E363C00F4A3D0 /* Info.plist */,
				1B5511411C7E447D00F4A3D0 /* Person.swift */,
			);
			path = "user-defaults";
			sourceTree = "<group>";
		};
/* End PBXGroup section */

/* Begin PBXNativeTarget section */
		1B55112B1C7E363B00F4A3D0 /* user-defaults */ = {
			isa = PBXNativeTarget;
			buildConfigurationList = 1B55113E1C7E363C00F4A3D0 /* Build configuration list for PBXNativeTarget "user-defaults" */;
			buildPhases = (
				1B5511281C7E363B00F4A3D0 /* Sources */,
				1B5511291C7E363B00F4A3D0 /* Frameworks */,
				1B55112A1C7E363B00F4A3D0 /* Resources */,
			);
			buildRules = (
			);
			dependencies = (
			);
			name = "user-defaults";
			productName = "user-defaults";
			productReference = 1B55112C1C7E363B00F4A3D0 /* user-defaults.app */;
			productType = "com.apple.product-type.application";
		};
/* End PBXNativeTarget section */

/* Begin PBXProject section */
		1B5511241C7E363B00F4A3D0 /* Project object */ = {
			isa = PBXProject;
			attributes = {
				LastSwiftUpdateCheck = 0720;
				LastUpgradeCheck = 0720;
				ORGANIZATIONNAME = "redeye-dev";
				TargetAttributes = {
					1B55112B1C7E363B00F4A3D0 = {
						CreatedOnToolsVersion = 7.2.1;
					};
				};
			};
			buildConfigurationList = 1B5511271C7E363B00F4A3D0 /* Build configuration list for PBXProject "user-defaults" */;
			compatibilityVersion = "Xcode 3.2";
			developmentRegion = English;
			hasScannedForEncodings = 0;
			knownRegions = (
				en,
				Base,
			);
			mainGroup = 1B5511231C7E363B00F4A3D0;
			productRefGroup = 1B55112D1C7E363B00F4A3D0 /* Products */;
			projectDirPath = "";
			projectRoot = "";
			targets = (
				1B55112B1C7E363B00F4A3D0 /* user-defaults */,
			);
		};
/* End PBXProject section */

/* Begin PBXResourcesBuildPhase section */
		1B55112A1C7E363B00F4A3D0 /* Resources */ = {
			isa = PBXResourcesBuildPhase;
			buildActionMask = 2147483647;
			files = (
				1B55113A1C7E363B00F4A3D0 /* LaunchScreen.storyboard in Resources */,
				1B5511371C7E363B00F4A3D0 /* Assets.xcassets in Resources */,
				1B5511351C7E363B00F4A3D0 /* Main.storyboard in Resources */,
			);
			runOnlyForDeploymentPostprocessing = 0;
		};
/* End PBXResourcesBuildPhase section */

/* Begin PBXSourcesBuildPhase section */
		1B5511281C7E363B00F4A3D0 /* Sources */ = {
			isa = PBXSourcesBuildPhase;
			buildActionMask = 2147483647;
			files = (
				1B5511421C7E447D00F4A3D0 /* Person.swift in Sources */,
				1B5511321C7E363B00F4A3D0 /* ViewController.swift in Sources */,
				1B5511301C7E363B00F4A3D0 /* AppDelegate.swift in Sources */,
			);
			runOnlyForDeploymentPostprocessing = 0;
		};
/* End PBXSourcesBuildPhase section */

/* Begin PBXVariantGroup section */
		1B5511331C7E363B00F4A3D0 /* Main.storyboard */ = {
			isa = PBXVariantGroup;
			children = (
				1B5511341C7E363B00F4A3D0 /* Base */,
			);
			name = Main.storyboard;
			sourceTree = "<group>";
		};
		1B5511381C7E363B00F4A3D0 /* LaunchScreen.storyboard */ = {
			isa = PBXVariantGroup;
			children = (
				1B5511391C7E363B00F4A3D0 /* Base */,
			);
			name = LaunchScreen.storyboard;
			sourceTree = "<group>";
		};
/* End PBXVariantGroup section */

/* Begin XCBuildConfiguration section */
		1B55113C1C7E363C00F4A3D0 /* Debug */ = {
			isa = XCBuildConfiguration;
			buildSettings = {
				ALWAYS_SEARCH_USER_PATHS = NO;
				CLANG_CXX_LANGUAGE_STANDARD = "gnu++0x";
				CLANG_CXX_LIBRARY = "libc++";
				CLANG_ENABLE_MODULES = YES;
				CLANG_ENABLE_OBJC_ARC = YES;
				CLANG_WARN_BOOL_CONVERSION = YES;
				CLANG_WARN_CONSTANT_CONVERSION = YES;
				CLANG_WARN_DIRECT_OBJC_ISA_USAGE = YES_ERROR;
				CLANG_WARN_EMPTY_BODY = YES;
				CLANG_WARN_ENUM_CONVERSION = YES;
				CLANG_WARN_INT_CONVERSION = YES;
				CLANG_WARN_OBJC_ROOT_CLASS = YES_ERROR;
				CLANG_WARN_UNREACHABLE_CODE = YES;
				CLANG_WARN__DUPLICATE_METHOD_MATCH = YES;
				"CODE_SIGN_IDENTITY[sdk=iphoneos*]" = "iPhone Developer";
				COPY_PHASE_STRIP = NO;
				DEBUG_INFORMATION_FORMAT = dwarf;
				ENABLE_STRICT_OBJC_MSGSEND = YES;
				ENABLE_TESTABILITY = YES;
				GCC_C_LANGUAGE_STANDARD = gnu99;
				GCC_DYNAMIC_NO_PIC = NO;
				GCC_NO_COMMON_BLOCKS = YES;
				GCC_OPTIMIZATION_LEVEL = 0;
				GCC_PREPROCESSOR_DEFINITIONS = (
					"DEBUG=1",
					"$(inherited)",
				);
				GCC_WARN_64_TO_32_BIT_CONVERSION = YES;
				GCC_WARN_ABOUT_RETURN_TYPE = YES_ERROR;
				GCC_WARN_UNDECLARED_SELECTOR = YES;
				GCC_WARN_UNINITIALIZED_AUTOS = YES_AGGRESSIVE;
				GCC_WARN_UNUSED_FUNCTION = YES;
				GCC_WARN_UNUSED_VARIABLE = YES;
				IPHONEOS_DEPLOYMENT_TARGET = 9.2;
				MTL_ENABLE_DEBUG_INFO = YES;
				ONLY_ACTIVE_ARCH = YES;
				SDKROOT = iphoneos;
				SWIFT_OPTIMIZATION_LEVEL = "-Onone";
				TARGETED_DEVICE_FAMILY = "1,2";
			};
			name = Debug;
		};
		1B55113D1C7E363C00F4A3D0 /* Release */ = {
			isa = XCBuildConfiguration;
			buildSettings = {
				ALWAYS_SEARCH_USER_PATHS = NO;
				CLANG_CXX_LANGUAGE_STANDARD = "gnu++0x";
				CLANG_CXX_LIBRARY = "libc++";
				CLANG_ENABLE_MODULES = YES;
				CLANG_ENABLE_OBJC_ARC = YES;
				CLANG_WARN_BOOL_CONVERSION = YES;
				CLANG_WARN_CONSTANT_CONVERSION = YES;
				CLANG_WARN_DIRECT_OBJC_ISA_USAGE = YES_ERROR;
				CLANG_WARN_EMPTY_BODY = YES;
				CLANG_WARN_ENUM_CONVERSION = YES;
				CLANG_WARN_INT_CONVERSION = YES;
				CLANG_WARN_OBJC_ROOT_CLASS = YES_ERROR;
				CLANG_WARN_UNREACHABLE_CODE = YES;
				CLANG_WARN__DUPLICATE_METHOD_MATCH = YES;
				"CODE_SIGN_IDENTITY[sdk=iphoneos*]" = "iPhone Developer";
				COPY_PHASE_STRIP = NO;
				DEBUG_INFORMATION_FORMAT = "dwarf-with-dsym";
				ENABLE_NS_ASSERTIONS = NO;
				ENABLE_STRICT_OBJC_MSGSEND = YES;
				GCC_C_LANGUAGE_STANDARD = gnu99;
				GCC_NO_COMMON_BLOCKS = YES;
				GCC_WARN_64_TO_32_BIT_CONVERSION = YES;
				GCC_WARN_ABOUT_RETURN_TYPE = YES_ERROR;
				GCC_WARN_UNDECLARED_SELECTOR = YES;
				GCC_WARN_UNINITIALIZED_AUTOS = YES_AGGRESSIVE;
				GCC_WARN_UNUSED_FUNCTION = YES;
				GCC_WARN_UNUSED_VARIABLE = YES;
				IPHONEOS_DEPLOYMENT_TARGET = 9.2;
				MTL_ENABLE_DEBUG_INFO = NO;
				SDKROOT = iphoneos;
				TARGETED_DEVICE_FAMILY = "1,2";
				VALIDATE_PRODUCT = YES;
			};
			name = Release;
		};
		1B55113F1C7E363C00F4A3D0 /* Debug */ = {
			isa = XCBuildConfiguration;
			buildSettings = {
				ASSETCATALOG_COMPILER_APPICON_NAME = AppIcon;
				INFOPLIST_FILE = "user-defaults/Info.plist";
				LD_RUNPATH_SEARCH_PATHS = "$(inherited) @executable_path/Frameworks";
				PRODUCT_BUNDLE_IDENTIFIER = "com.toplevel.user-defaults";
				PRODUCT_NAME = "$(TARGET_NAME)";
			};
			name = Debug;
		};
		1B5511401C7E363C00F4A3D0 /* Release */ = {
			isa = XCBuildConfiguration;
			buildSettings = {
				ASSETCATALOG_COMPILER_APPICON_NAME = AppIcon;
				INFOPLIST_FILE = "user-defaults/Info.plist";
				LD_RUNPATH_SEARCH_PATHS = "$(inherited) @executable_path/Frameworks";
				PRODUCT_BUNDLE_IDENTIFIER = "com.toplevel.user-defaults";
				PRODUCT_NAME = "$(TARGET_NAME)";
			};
			name = Release;
		};
/* End XCBuildConfiguration section */

/* Begin XCConfigurationList section */
		1B5511271C7E363B00F4A3D0 /* Build configuration list for PBXProject "user-defaults" */ = {
			isa = XCConfigurationList;
			buildConfigurations = (
				1B55113C1C7E363C00F4A3D0 /* Debug */,
				1B55113D1C7E363C00F4A3D0 /* Release */,
			);
			defaultConfigurationIsVisible = 0;
			defaultConfigurationName = Release;
		};
		1B55113E1C7E363C00F4A3D0 /* Build configuration list for PBXNativeTarget "user-defaults" */ = {
			isa = XCConfigurationList;
			buildConfigurations = (
				1B55113F1C7E363C00F4A3D0 /* Debug */,
				1B5511401C7E363C00F4A3D0 /* Release */,
			);
			defaultConfigurationIsVisible = 0;
		};
/* End XCConfigurationList section */
	};
	rootObject = 1B5511241C7E363B00F4A3D0 /* Project object */;
}
